
Microsoft Visual Studio Solution File, Format Version 12.00
# Visual Studio Version 16
VisualStudioVersion = 25.0.1704.5
MinimumVisualStudioVersion = 10.0.40219.1
Project("{FAE04EC0-301F-11D3-BF4B-00C04F79EFBC}") = "VisualStudioMac.GenerateMPack", "VisualStudioMac.GenerateMPack.csproj", "{59086D24-2AC4-45F2-8E0D-B60F6A3113CA}"
EndProject
Global
	GlobalSection(SolutionConfigurationPlatforms) = preSolution
		Debug|Any CPU = Debug|Any CPU
		Release|Any CPU = Release|Any CPU
	EndGlobalSection
	GlobalSection(ProjectConfigurationPlatforms) = postSolution
		{59086D24-2AC4-45F2-8E0D-B60F6A3113CA}.Debug|Any CPU.ActiveCfg = Debug|Any CPU
		{59086D24-2AC4-45F2-8E0D-B60F6A3113CA}.Debug|Any CPU.Build.0 = Debug|Any CPU
		{59086D24-2AC4-45F2-8E0D-B60F6A3113CA}.Release|Any CPU.ActiveCfg = Release|Any CPU
		{59086D24-2AC4-45F2-8E0D-B60F6A3113CA}.Release|Any CPU.Build.0 = Release|Any CPU
	EndGlobalSection
	GlobalSection(SolutionProperties) = preSolution
		HideSolutionNode = FALSE
	EndGlobalSection
	GlobalSection(ExtensibilityGlobals) = postSolution
		SolutionGuid = {1723888C-34B1-4BD7-811A-2691439DF644}
	EndGlobalSection
EndGlobal
